
Microsoft Visual Studio Solution File, Format Version 12.00
# Visual Studio Version 17
VisualStudioVersion = 17.10.35027.167
MinimumVisualStudioVersion = 10.0.40219.1
Project("{FAE04EC0-301F-11D3-BF4B-00C04F79EFBC}") = "Tooyter", "Tooyter\Tooyter.csproj", "{086693B1-D0FD-4F38-91DE-7D91CC642439}"
EndProject
Project("{FAE04EC0-301F-11D3-BF4B-00C04F79EFBC}") = "DataAccess", "DataAccess\DataAccess.csproj", "{5A73FC91-83C5-4FA4-BF36-D3C2B9F86C17}"
EndProject
Project("{FAE04EC0-301F-11D3-BF4B-00C04F79EFBC}") = "Models", "Models\Models.csproj", "{EFFC7D79-59BF-4F86-9E62-24A93BEE8945}"
EndProject
Project("{FAE04EC0-301F-11D3-BF4B-00C04F79EFBC}") = "Services", "Services\Services.csproj", "{063BEE82-589E-479A-A4F8-0DCF87A93B7F}"
EndProject
Global
	GlobalSection(SolutionConfigurationPlatforms) = preSolution
		Debug|Any CPU = Debug|Any CPU
		Release|Any CPU = Release|Any CPU
	EndGlobalSection
	GlobalSection(ProjectConfigurationPlatforms) = postSolution
		{086693B1-D0FD-4F38-91DE-7D91CC642439}.Debug|Any CPU.ActiveCfg = Debug|Any CPU
		{086693B1-D0FD-4F38-91DE-7D91CC642439}.Debug|Any CPU.Build.0 = Debug|Any CPU
		{086693B1-D0FD-4F38-91DE-7D91CC642439}.Release|Any CPU.ActiveCfg = Release|Any CPU
		{086693B1-D0FD-4F38-91DE-7D91CC642439}.Release|Any CPU.Build.0 = Release|Any CPU
		{5A73FC91-83C5-4FA4-BF36-D3C2B9F86C17}.Debug|Any CPU.ActiveCfg = Debug|Any CPU
		{5A73FC91-83C5-4FA4-BF36-D3C2B9F86C17}.Debug|Any CPU.Build.0 = Debug|Any CPU
		{5A73FC91-83C5-4FA4-BF36-D3C2B9F86C17}.Release|Any CPU.ActiveCfg = Release|Any CPU
		{5A73FC91-83C5-4FA4-BF36-D3C2B9F86C17}.Release|Any CPU.Build.0 = Release|Any CPU
		{EFFC7D79-59BF-4F86-9E62-24A93BEE8945}.Debug|Any CPU.ActiveCfg = Debug|Any CPU
		{EFFC7D79-59BF-4F86-9E62-24A93BEE8945}.Debug|Any CPU.Build.0 = Debug|Any CPU
		{EFFC7D79-59BF-4F86-9E62-24A93BEE8945}.Release|Any CPU.ActiveCfg = Release|Any CPU
		{EFFC7D79-59BF-4F86-9E62-24A93BEE8945}.Release|Any CPU.Build.0 = Release|Any CPU
		{063BEE82-589E-479A-A4F8-0DCF87A93B7F}.Debug|Any CPU.ActiveCfg = Debug|Any CPU
		{063BEE82-589E-479A-A4F8-0DCF87A93B7F}.Debug|Any CPU.Build.0 = Debug|Any CPU
		{063BEE82-589E-479A-A4F8-0DCF87A93B7F}.Release|Any CPU.ActiveCfg = Release|Any CPU
		{063BEE82-589E-479A-A4F8-0DCF87A93B7F}.Release|Any CPU.Build.0 = Release|Any CPU
	EndGlobalSection
	GlobalSection(SolutionProperties) = preSolution
		HideSolutionNode = FALSE
	EndGlobalSection
	GlobalSection(ExtensibilityGlobals) = postSolution
		SolutionGuid = {3434E08C-F832-4AF2-B7EE-78C0675DB709}
	EndGlobalSection
EndGlobal
